
Microsoft Visual Studio Solution File, Format Version 12.00
Project("{FAE04EC0-301F-11D3-BF4B-00C04F79EFBC}") = "Exercicio11_Matriz01", "Exercicio11_Matriz01\Exercicio11_Matriz01.csproj", "{ECC680DF-5231-4C3E-A5F7-0B9B1173912A}"
EndProject
Global
	GlobalSection(SolutionConfigurationPlatforms) = preSolution
		Debug|Any CPU = Debug|Any CPU
		Release|Any CPU = Release|Any CPU
	EndGlobalSection
	GlobalSection(ProjectConfigurationPlatforms) = postSolution
		{ECC680DF-5231-4C3E-A5F7-0B9B1173912A}.Debug|Any CPU.ActiveCfg = Debug|Any CPU
		{ECC680DF-5231-4C3E-A5F7-0B9B1173912A}.Debug|Any CPU.Build.0 = Debug|Any CPU
		{ECC680DF-5231-4C3E-A5F7-0B9B1173912A}.Release|Any CPU.ActiveCfg = Release|Any CPU
		{ECC680DF-5231-4C3E-A5F7-0B9B1173912A}.Release|Any CPU.Build.0 = Release|Any CPU
	EndGlobalSection
EndGlobal
