
Microsoft Visual Studio Solution File, Format Version 12.00
Project("{FAE04EC0-301F-11D3-BF4B-00C04F79EFBC}") = "Aula2", "Aula2\Aula2.csproj", "{AFA8F39F-2518-427A-AAB2-7016624B562C}"
EndProject
Global
	GlobalSection(SolutionConfigurationPlatforms) = preSolution
		Debug|Any CPU = Debug|Any CPU
		Release|Any CPU = Release|Any CPU
	EndGlobalSection
	GlobalSection(ProjectConfigurationPlatforms) = postSolution
		{AFA8F39F-2518-427A-AAB2-7016624B562C}.Debug|Any CPU.ActiveCfg = Debug|Any CPU
		{AFA8F39F-2518-427A-AAB2-7016624B562C}.Debug|Any CPU.Build.0 = Debug|Any CPU
		{AFA8F39F-2518-427A-AAB2-7016624B562C}.Release|Any CPU.ActiveCfg = Release|Any CPU
		{AFA8F39F-2518-427A-AAB2-7016624B562C}.Release|Any CPU.Build.0 = Release|Any CPU
	EndGlobalSection
EndGlobal
