
Microsoft Visual Studio Solution File, Format Version 12.00
Project("{FAE04EC0-301F-11D3-BF4B-00C04F79EFBC}") = "Exercicios2", "Exercicios2\Exercicios2.csproj", "{641BB142-5A4A-4218-B6BC-49EE35C0EECE}"
EndProject
Global
	GlobalSection(SolutionConfigurationPlatforms) = preSolution
		Debug|Any CPU = Debug|Any CPU
		Release|Any CPU = Release|Any CPU
	EndGlobalSection
	GlobalSection(ProjectConfigurationPlatforms) = postSolution
		{641BB142-5A4A-4218-B6BC-49EE35C0EECE}.Debug|Any CPU.ActiveCfg = Debug|Any CPU
		{641BB142-5A4A-4218-B6BC-49EE35C0EECE}.Debug|Any CPU.Build.0 = Debug|Any CPU
		{641BB142-5A4A-4218-B6BC-49EE35C0EECE}.Release|Any CPU.ActiveCfg = Release|Any CPU
		{641BB142-5A4A-4218-B6BC-49EE35C0EECE}.Release|Any CPU.Build.0 = Release|Any CPU
	EndGlobalSection
EndGlobal
