
Microsoft Visual Studio Solution File, Format Version 12.00
Project("{FAE04EC0-301F-11D3-BF4B-00C04F79EFBC}") = "Vetores", "Vetores\Vetores.csproj", "{BC038498-4179-4B6D-A87B-359CFE20C717}"
EndProject
Global
	GlobalSection(SolutionConfigurationPlatforms) = preSolution
		Debug|Any CPU = Debug|Any CPU
		Release|Any CPU = Release|Any CPU
	EndGlobalSection
	GlobalSection(ProjectConfigurationPlatforms) = postSolution
		{BC038498-4179-4B6D-A87B-359CFE20C717}.Debug|Any CPU.ActiveCfg = Debug|Any CPU
		{BC038498-4179-4B6D-A87B-359CFE20C717}.Debug|Any CPU.Build.0 = Debug|Any CPU
		{BC038498-4179-4B6D-A87B-359CFE20C717}.Release|Any CPU.ActiveCfg = Release|Any CPU
		{BC038498-4179-4B6D-A87B-359CFE20C717}.Release|Any CPU.Build.0 = Release|Any CPU
	EndGlobalSection
EndGlobal
