
Microsoft Visual Studio Solution File, Format Version 12.00
Project("{FAE04EC0-301F-11D3-BF4B-00C04F79EFBC}") = "Course", "Course\Course.csproj", "{0F0F1DFB-8705-40D2-9B8C-183229FDF726}"
EndProject
Global
	GlobalSection(SolutionConfigurationPlatforms) = preSolution
		Debug|Any CPU = Debug|Any CPU
		Release|Any CPU = Release|Any CPU
	EndGlobalSection
	GlobalSection(ProjectConfigurationPlatforms) = postSolution
		{0F0F1DFB-8705-40D2-9B8C-183229FDF726}.Debug|Any CPU.ActiveCfg = Debug|Any CPU
		{0F0F1DFB-8705-40D2-9B8C-183229FDF726}.Debug|Any CPU.Build.0 = Debug|Any CPU
		{0F0F1DFB-8705-40D2-9B8C-183229FDF726}.Release|Any CPU.ActiveCfg = Release|Any CPU
		{0F0F1DFB-8705-40D2-9B8C-183229FDF726}.Release|Any CPU.Build.0 = Release|Any CPU
	EndGlobalSection
EndGlobal
